// !$*UTF8*$!
{
	archiveVersion = 1;
	classes = {
	};
	objectVersion = 46;
	objects = {

/* Begin PBXBuildFile section */
		8457619919455CC500B58486 /* iAd.framework in Frameworks */ = {isa = PBXBuildFile; fileRef = 8457619819455CC500B58486 /* iAd.framework */; };
		8457619B19455D5A00B58486 /* Twitter.framework in Frameworks */ = {isa = PBXBuildFile; fileRef = 8457619A19455D5A00B58486 /* Twitter.framework */; };
		84675A5A1941D24E00932E4F /* Foundation.framework in Frameworks */ = {isa = PBXBuildFile; fileRef = 84675A591941D24E00932E4F /* Foundation.framework */; };
		84675A5C1941D24E00932E4F /* CoreGraphics.framework in Frameworks */ = {isa = PBXBuildFile; fileRef = 84675A5B1941D24E00932E4F /* CoreGraphics.framework */; };
		84675A5E1941D24E00932E4F /* UIKit.framework in Frameworks */ = {isa = PBXBuildFile; fileRef = 84675A5D1941D24E00932E4F /* UIKit.framework */; };
		84675A641941D24E00932E4F /* InfoPlist.strings in Resources */ = {isa = PBXBuildFile; fileRef = 84675A621941D24E00932E4F /* InfoPlist.strings */; };
		84675A661941D24E00932E4F /* main.m in Sources */ = {isa = PBXBuildFile; fileRef = 84675A651941D24E00932E4F /* main.m */; };
		84675A6A1941D24E00932E4F /* AppDelegate.m in Sources */ = {isa = PBXBuildFile; fileRef = 84675A691941D24E00932E4F /* AppDelegate.m */; };
		84675A6D1941D24E00932E4F /* 4.0.storyboard in Resources */ = {isa = PBXBuildFile; fileRef = 84675A6B1941D24E00932E4F /* 4.0.storyboard */; };
		84675A721941D24F00932E4F /* Images.xcassets in Resources */ = {isa = PBXBuildFile; fileRef = 84675A711941D24F00932E4F /* Images.xcassets */; };
		84675A791941D24F00932E4F /* XCTest.framework in Frameworks */ = {isa = PBXBuildFile; fileRef = 84675A781941D24F00932E4F /* XCTest.framework */; };
		84675A7A1941D24F00932E4F /* Foundation.framework in Frameworks */ = {isa = PBXBuildFile; fileRef = 84675A591941D24E00932E4F /* Foundation.framework */; };
		84675A7B1941D24F00932E4F /* UIKit.framework in Frameworks */ = {isa = PBXBuildFile; fileRef = 84675A5D1941D24E00932E4F /* UIKit.framework */; };
		84675A831941D24F00932E4F /* InfoPlist.strings in Resources */ = {isa = PBXBuildFile; fileRef = 84675A811941D24F00932E4F /* InfoPlist.strings */; };
		84675A851941D24F00932E4F /* TapTheBirdTests.m in Sources */ = {isa = PBXBuildFile; fileRef = 84675A841941D24F00932E4F /* TapTheBirdTests.m */; };
		84675A8F1941D2C800932E4F /* GameKit.framework in Frameworks */ = {isa = PBXBuildFile; fileRef = 84675A8E1941D2C800932E4F /* GameKit.framework */; };
		84675A911941D2D800932E4F /* StoreKit.framework in Frameworks */ = {isa = PBXBuildFile; fileRef = 84675A901941D2D800932E4F /* StoreKit.framework */; };
		84675A931941D30200932E4F /* AVFoundation.framework in Frameworks */ = {isa = PBXBuildFile; fileRef = 84675A921941D30200932E4F /* AVFoundation.framework */; };
		84675A951941D69500932E4F /* Social.framework in Frameworks */ = {isa = PBXBuildFile; fileRef = 84675A941941D69500932E4F /* Social.framework */; };
		84675AA41941DE6000932E4F /* TitleViewController.m in Sources */ = {isa = PBXBuildFile; fileRef = 84675AA31941DE6000932E4F /* TitleViewController.m */; };
		8489E02919E7F6E20001FA14 /* B1.png in Resources */ = {isa = PBXBuildFile; fileRef = 8489E02019E7F6E20001FA14 /* B1.png */; };
		8489E02A19E7F6E20001FA14 /* B2.png in Resources */ = {isa = PBXBuildFile; fileRef = 8489E02119E7F6E20001FA14 /* B2.png */; };
		8489E02B19E7F6E20001FA14 /* B3.png in Resources */ = {isa = PBXBuildFile; fileRef = 8489E02219E7F6E20001FA14 /* B3.png */; };
		8489E02C19E7F6E20001FA14 /* B4.png in Resources */ = {isa = PBXBuildFile; fileRef = 8489E02319E7F6E20001FA14 /* B4.png */; };
		8489E02D19E7F6E20001FA14 /* B5.png in Resources */ = {isa = PBXBuildFile; fileRef = 8489E02419E7F6E20001FA14 /* B5.png */; };
		8489E02E19E7F6E20001FA14 /* bg.jpg in Resources */ = {isa = PBXBuildFile; fileRef = 8489E02519E7F6E20001FA14 /* bg.jpg */; };
		8489E02F19E7F6E20001FA14 /* BIRD.png in Resources */ = {isa = PBXBuildFile; fileRef = 8489E02619E7F6E20001FA14 /* BIRD.png */; };
		8489E03019E7F6E20001FA14 /* RED BUTTON.png in Resources */ = {isa = PBXBuildFile; fileRef = 8489E02719E7F6E20001FA14 /* RED BUTTON.png */; };
		8489E03119E7F6E20001FA14 /* TAP THE.png in Resources */ = {isa = PBXBuildFile; fileRef = 8489E02819E7F6E20001FA14 /* TAP THE.png */; };
		849A3AF21A32EFF700D4146D /* 3.5.storyboard in Resources */ = {isa = PBXBuildFile; fileRef = 849A3AF11A32EFF700D4146D /* 3.5.storyboard */; };
		849A3AF41A32F65600D4146D /* 4.7.storyboard in Resources */ = {isa = PBXBuildFile; fileRef = 849A3AF31A32F65600D4146D /* 4.7.storyboard */; };
		849A3AF61A32F99200D4146D /* 5.5.storyboard in Resources */ = {isa = PBXBuildFile; fileRef = 849A3AF51A32F99200D4146D /* 5.5.storyboard */; };
		84BD8BE2195D78E300C3902E /* WhatViewController.m in Sources */ = {isa = PBXBuildFile; fileRef = 84BD8BE1195D78E300C3902E /* WhatViewController.m */; };
		84BD8BE5195D78F200C3902E /* GameViewController.m in Sources */ = {isa = PBXBuildFile; fileRef = 84BD8BE4195D78F200C3902E /* GameViewController.m */; };
		84CCC90E1A233D5800CBEBC7 /* Twitter.png in Resources */ = {isa = PBXBuildFile; fileRef = 84CCC90D1A233D5800CBEBC7 /* Twitter.png */; };
		84CCC9101A233D5F00CBEBC7 /* Facebook.png in Resources */ = {isa = PBXBuildFile; fileRef = 84CCC90F1A233D5F00CBEBC7 /* Facebook.png */; };
		84CCC9201A234B6400CBEBC7 /* AudioToolbox.framework in Frameworks */ = {isa = PBXBuildFile; fileRef = 84CCC91F1A234B6400CBEBC7 /* AudioToolbox.framework */; };
		84CCC9221A234B6A00CBEBC7 /* MessageUI.framework in Frameworks */ = {isa = PBXBuildFile; fileRef = 84CCC9211A234B6A00CBEBC7 /* MessageUI.framework */; };
		84CCC9241A234B7300CBEBC7 /* SystemConfiguration.framework in Frameworks */ = {isa = PBXBuildFile; fileRef = 84CCC9231A234B7300CBEBC7 /* SystemConfiguration.framework */; };
		84DC30D219DEB70300AE90E0 /* LoseViewController.m in Sources */ = {isa = PBXBuildFile; fileRef = 84DC30D119DEB70300AE90E0 /* LoseViewController.m */; };
		84DC30D519DEB70D00AE90E0 /* WinViewController.m in Sources */ = {isa = PBXBuildFile; fileRef = 84DC30D419DEB70D00AE90E0 /* WinViewController.m */; };
/* End PBXBuildFile section */

/* Begin PBXContainerItemProxy section */
		84675A7C1941D24F00932E4F /* PBXContainerItemProxy */ = {
			isa = PBXContainerItemProxy;
			containerPortal = 84675A4E1941D24E00932E4F /* Project object */;
			proxyType = 1;
			remoteGlobalIDString = 84675A551941D24E00932E4F;
			remoteInfo = TapTheBird;
		};
/* End PBXContainerItemProxy section */

/* Begin PBXFileReference section */
		8457619619455C7200B58486 /* AdSupport.framework */ = {isa = PBXFileReference; lastKnownFileType = wrapper.framework; name = AdSupport.framework; path = System/Library/Frameworks/AdSupport.framework; sourceTree = SDKROOT; };
		8457619819455CC500B58486 /* iAd.framework */ = {isa = PBXFileReference; lastKnownFileType = wrapper.framework; name = iAd.framework; path = System/Library/Frameworks/iAd.framework; sourceTree = SDKROOT; };
		8457619A19455D5A00B58486 /* Twitter.framework */ = {isa = PBXFileReference; lastKnownFileType = wrapper.framework; name = Twitter.framework; path = System/Library/Frameworks/Twitter.framework; sourceTree = SDKROOT; };
		84675A561941D24E00932E4F /* Tap The Bird.app */ = {isa = PBXFileReference; explicitFileType = wrapper.application; includeInIndex = 0; path = "Tap The Bird.app"; sourceTree = BUILT_PRODUCTS_DIR; };
		84675A591941D24E00932E4F /* Foundation.framework */ = {isa = PBXFileReference; lastKnownFileType = wrapper.framework; name = Foundation.framework; path = System/Library/Frameworks/Foundation.framework; sourceTree = SDKROOT; };
		84675A5B1941D24E00932E4F /* CoreGraphics.framework */ = {isa = PBXFileReference; lastKnownFileType = wrapper.framework; name = CoreGraphics.framework; path = System/Library/Frameworks/CoreGraphics.framework; sourceTree = SDKROOT; };
		84675A5D1941D24E00932E4F /* UIKit.framework */ = {isa = PBXFileReference; lastKnownFileType = wrapper.framework; name = UIKit.framework; path = System/Library/Frameworks/UIKit.framework; sourceTree = SDKROOT; };
		84675A611941D24E00932E4F /* Tap The Bird-Info.plist */ = {isa = PBXFileReference; lastKnownFileType = text.plist.xml; path = "Tap The Bird-Info.plist"; sourceTree = "<group>"; };
		84675A631941D24E00932E4F /* en */ = {isa = PBXFileReference; lastKnownFileType = text.plist.strings; name = en; path = en.lproj/InfoPlist.strings; sourceTree = "<group>"; };
		84675A651941D24E00932E4F /* main.m */ = {isa = PBXFileReference; lastKnownFileType = sourcecode.c.objc; path = main.m; sourceTree = "<group>"; };
		84675A671941D24E00932E4F /* Tap The Bird-Prefix.pch */ = {isa = PBXFileReference; lastKnownFileType = sourcecode.c.h; path = "Tap The Bird-Prefix.pch"; sourceTree = "<group>"; };
		84675A681941D24E00932E4F /* AppDelegate.h */ = {isa = PBXFileReference; lastKnownFileType = sourcecode.c.h; path = AppDelegate.h; sourceTree = "<group>"; };
		84675A691941D24E00932E4F /* AppDelegate.m */ = {isa = PBXFileReference; lastKnownFileType = sourcecode.c.objc; path = AppDelegate.m; sourceTree = "<group>"; };
		84675A6C1941D24E00932E4F /* Base */ = {isa = PBXFileReference; lastKnownFileType = file.storyboard; name = Base; path = Base.lproj/4.0.storyboard; sourceTree = "<group>"; };
		84675A711941D24F00932E4F /* Images.xcassets */ = {isa = PBXFileReference; lastKnownFileType = folder.assetcatalog; path = Images.xcassets; sourceTree = "<group>"; };
		84675A771941D24F00932E4F /* Tap The BirdTests.xctest */ = {isa = PBXFileReference; explicitFileType = wrapper.cfbundle; includeInIndex = 0; path = "Tap The BirdTests.xctest"; sourceTree = BUILT_PRODUCTS_DIR; };
		84675A781941D24F00932E4F /* XCTest.framework */ = {isa = PBXFileReference; lastKnownFileType = wrapper.framework; name = XCTest.framework; path = Library/Frameworks/XCTest.framework; sourceTree = DEVELOPER_DIR; };
		84675A801941D24F00932E4F /* Tap The BirdTests-Info.plist */ = {isa = PBXFileReference; lastKnownFileType = text.plist.xml; path = "Tap The BirdTests-Info.plist"; sourceTree = "<group>"; };
		84675A821941D24F00932E4F /* en */ = {isa = PBXFileReference; lastKnownFileType = text.plist.strings; name = en; path = en.lproj/InfoPlist.strings; sourceTree = "<group>"; };
		84675A841941D24F00932E4F /* TapTheBirdTests.m */ = {isa = PBXFileReference; lastKnownFileType = sourcecode.c.objc; path = TapTheBirdTests.m; sourceTree = "<group>"; };
		84675A8E1941D2C800932E4F /* GameKit.framework */ = {isa = PBXFileReference; lastKnownFileType = wrapper.framework; name = GameKit.framework; path = System/Library/Frameworks/GameKit.framework; sourceTree = SDKROOT; };
		84675A901941D2D800932E4F /* StoreKit.framework */ = {isa = PBXFileReference; lastKnownFileType = wrapper.framework; name = StoreKit.framework; path = System/Library/Frameworks/StoreKit.framework; sourceTree = SDKROOT; };
		84675A921941D30200932E4F /* AVFoundation.framework */ = {isa = PBXFileReference; lastKnownFileType = wrapper.framework; name = AVFoundation.framework; path = System/Library/Frameworks/AVFoundation.framework; sourceTree = SDKROOT; };
		84675A941941D69500932E4F /* Social.framework */ = {isa = PBXFileReference; lastKnownFileType = wrapper.framework; name = Social.framework; path = System/Library/Frameworks/Social.framework; sourceTree = SDKROOT; };
		84675AA21941DE6000932E4F /* TitleViewController.h */ = {isa = PBXFileReference; fileEncoding = 4; lastKnownFileType = sourcecode.c.h; path = TitleViewController.h; sourceTree = "<group>"; };
		84675AA31941DE6000932E4F /* TitleViewController.m */ = {isa = PBXFileReference; fileEncoding = 4; lastKnownFileType = sourcecode.c.objc; path = TitleViewController.m; sourceTree = "<group>"; };
		8489E02019E7F6E20001FA14 /* B1.png */ = {isa = PBXFileReference; lastKnownFileType = image.png; path = B1.png; sourceTree = "<group>"; };
		8489E02119E7F6E20001FA14 /* B2.png */ = {isa = PBXFileReference; lastKnownFileType = image.png; path = B2.png; sourceTree = "<group>"; };
		8489E02219E7F6E20001FA14 /* B3.png */ = {isa = PBXFileReference; lastKnownFileType = image.png; path = B3.png; sourceTree = "<group>"; };
		8489E02319E7F6E20001FA14 /* B4.png */ = {isa = PBXFileReference; lastKnownFileType = image.png; path = B4.png; sourceTree = "<group>"; };
		8489E02419E7F6E20001FA14 /* B5.png */ = {isa = PBXFileReference; lastKnownFileType = image.png; path = B5.png; sourceTree = "<group>"; };
		8489E02519E7F6E20001FA14 /* bg.jpg */ = {isa = PBXFileReference; lastKnownFileType = image.jpeg; path = bg.jpg; sourceTree = "<group>"; };
		8489E02619E7F6E20001FA14 /* BIRD.png */ = {isa = PBXFileReference; lastKnownFileType = image.png; path = BIRD.png; sourceTree = "<group>"; };
		8489E02719E7F6E20001FA14 /* RED BUTTON.png */ = {isa = PBXFileReference; lastKnownFileType = image.png; path = "RED BUTTON.png"; sourceTree = "<group>"; };
		8489E02819E7F6E20001FA14 /* TAP THE.png */ = {isa = PBXFileReference; lastKnownFileType = image.png; path = "TAP THE.png"; sourceTree = "<group>"; };
		849A3AF11A32EFF700D4146D /* 3.5.storyboard */ = {isa = PBXFileReference; fileEncoding = 4; lastKnownFileType = file.storyboard; path = 3.5.storyboard; sourceTree = "<group>"; };
		849A3AF31A32F65600D4146D /* 4.7.storyboard */ = {isa = PBXFileReference; fileEncoding = 4; lastKnownFileType = file.storyboard; path = 4.7.storyboard; sourceTree = "<group>"; };
		849A3AF51A32F99200D4146D /* 5.5.storyboard */ = {isa = PBXFileReference; fileEncoding = 4; lastKnownFileType = file.storyboard; path = 5.5.storyboard; sourceTree = "<group>"; };
		84BD8BE0195D78E300C3902E /* WhatViewController.h */ = {isa = PBXFileReference; fileEncoding = 4; lastKnownFileType = sourcecode.c.h; path = WhatViewController.h; sourceTree = "<group>"; };
		84BD8BE1195D78E300C3902E /* WhatViewController.m */ = {isa = PBXFileReference; fileEncoding = 4; lastKnownFileType = sourcecode.c.objc; path = WhatViewController.m; sourceTree = "<group>"; };
		84BD8BE3195D78F200C3902E /* GameViewController.h */ = {isa = PBXFileReference; fileEncoding = 4; lastKnownFileType = sourcecode.c.h; path = GameViewController.h; sourceTree = "<group>"; };
		84BD8BE4195D78F200C3902E /* GameViewController.m */ = {isa = PBXFileReference; fileEncoding = 4; lastKnownFileType = sourcecode.c.objc; lineEnding = 0; path = GameViewController.m; sourceTree = "<group>"; usesTabs = 1; };
		84CCC90D1A233D5800CBEBC7 /* Twitter.png */ = {isa = PBXFileReference; lastKnownFileType = image.png; name = Twitter.png; path = ../TapTheBird/Twitter.png; sourceTree = "<group>"; };
		84CCC90F1A233D5F00CBEBC7 /* Facebook.png */ = {isa = PBXFileReference; lastKnownFileType = image.png; name = Facebook.png; path = ../TapTheBird/Facebook.png; sourceTree = "<group>"; };
		84CCC91F1A234B6400CBEBC7 /* AudioToolbox.framework */ = {isa = PBXFileReference; lastKnownFileType = wrapper.framework; name = AudioToolbox.framework; path = System/Library/Frameworks/AudioToolbox.framework; sourceTree = SDKROOT; };
		84CCC9211A234B6A00CBEBC7 /* MessageUI.framework */ = {isa = PBXFileReference; lastKnownFileType = wrapper.framework; name = MessageUI.framework; path = System/Library/Frameworks/MessageUI.framework; sourceTree = SDKROOT; };
		84CCC9231A234B7300CBEBC7 /* SystemConfiguration.framework */ = {isa = PBXFileReference; lastKnownFileType = wrapper.framework; name = SystemConfiguration.framework; path = System/Library/Frameworks/SystemConfiguration.framework; sourceTree = SDKROOT; };
		84DC30D019DEB70300AE90E0 /* LoseViewController.h */ = {isa = PBXFileReference; fileEncoding = 4; lastKnownFileType = sourcecode.c.h; path = LoseViewController.h; sourceTree = "<group>"; };
		84DC30D119DEB70300AE90E0 /* LoseViewController.m */ = {isa = PBXFileReference; fileEncoding = 4; lastKnownFileType = sourcecode.c.objc; path = LoseViewController.m; sourceTree = "<group>"; };
		84DC30D319DEB70D00AE90E0 /* WinViewController.h */ = {isa = PBXFileReference; fileEncoding = 4; lastKnownFileType = sourcecode.c.h; path = WinViewController.h; sourceTree = "<group>"; };
		84DC30D419DEB70D00AE90E0 /* WinViewController.m */ = {isa = PBXFileReference; fileEncoding = 4; lastKnownFileType = sourcecode.c.objc; path = WinViewController.m; sourceTree = "<group>"; };
/* End PBXFileReference section */

/* Begin PBXFrameworksBuildPhase section */
		84675A531941D24E00932E4F /* Frameworks */ = {
			isa = PBXFrameworksBuildPhase;
			buildActionMask = 2147483647;
			files = (
				84675A911941D2D800932E4F /* StoreKit.framework in Frameworks */,
				84675A931941D30200932E4F /* AVFoundation.framework in Frameworks */,
				84675A5C1941D24E00932E4F /* CoreGraphics.framework in Frameworks */,
				84CCC9241A234B7300CBEBC7 /* SystemConfiguration.framework in Frameworks */,
				84CCC9221A234B6A00CBEBC7 /* MessageUI.framework in Frameworks */,
				84CCC9201A234B6400CBEBC7 /* AudioToolbox.framework in Frameworks */,
				8457619B19455D5A00B58486 /* Twitter.framework in Frameworks */,
				8457619919455CC500B58486 /* iAd.framework in Frameworks */,
				84675A951941D69500932E4F /* Social.framework in Frameworks */,
				84675A8F1941D2C800932E4F /* GameKit.framework in Frameworks */,
				84675A5E1941D24E00932E4F /* UIKit.framework in Frameworks */,
				84675A5A1941D24E00932E4F /* Foundation.framework in Frameworks */,
			);
			runOnlyForDeploymentPostprocessing = 0;
		};
		84675A741941D24F00932E4F /* Frameworks */ = {
			isa = PBXFrameworksBuildPhase;
			buildActionMask = 2147483647;
			files = (
				84675A791941D24F00932E4F /* XCTest.framework in Frameworks */,
				84675A7B1941D24F00932E4F /* UIKit.framework in Frameworks */,
				84675A7A1941D24F00932E4F /* Foundation.framework in Frameworks */,
			);
			runOnlyForDeploymentPostprocessing = 0;
		};
/* End PBXFrameworksBuildPhase section */

/* Begin PBXGroup section */
		84675A4D1941D24E00932E4F = {
			isa = PBXGroup;
			children = (
				8489E01F19E7F6E20001FA14 /* Files */,
				84675A5F1941D24E00932E4F /* TapTheBird */,
				84675A7E1941D24F00932E4F /* TapTheBirdTests */,
				84675A581941D24E00932E4F /* Frameworks */,
				84675A571941D24E00932E4F /* Products */,
			);
			sourceTree = "<group>";
		};
		84675A571941D24E00932E4F /* Products */ = {
			isa = PBXGroup;
			children = (
				84675A561941D24E00932E4F /* Tap The Bird.app */,
				84675A771941D24F00932E4F /* Tap The BirdTests.xctest */,
			);
			name = Products;
			sourceTree = "<group>";
		};
		84675A581941D24E00932E4F /* Frameworks */ = {
			isa = PBXGroup;
			children = (
				84CCC9231A234B7300CBEBC7 /* SystemConfiguration.framework */,
				84CCC9211A234B6A00CBEBC7 /* MessageUI.framework */,
				84CCC91F1A234B6400CBEBC7 /* AudioToolbox.framework */,
				8457619A19455D5A00B58486 /* Twitter.framework */,
				8457619819455CC500B58486 /* iAd.framework */,
				8457619619455C7200B58486 /* AdSupport.framework */,
				84675A941941D69500932E4F /* Social.framework */,
				84675A921941D30200932E4F /* AVFoundation.framework */,
				84675A901941D2D800932E4F /* StoreKit.framework */,
				84675A8E1941D2C800932E4F /* GameKit.framework */,
				84675A591941D24E00932E4F /* Foundation.framework */,
				84675A5B1941D24E00932E4F /* CoreGraphics.framework */,
				84675A5D1941D24E00932E4F /* UIKit.framework */,
				84675A781941D24F00932E4F /* XCTest.framework */,
			);
			name = Frameworks;
			sourceTree = "<group>";
		};
		84675A5F1941D24E00932E4F /* TapTheBird */ = {
			isa = PBXGroup;
			children = (
				84675A681941D24E00932E4F /* AppDelegate.h */,
				84675A691941D24E00932E4F /* AppDelegate.m */,
				849A3AF11A32EFF700D4146D /* 3.5.storyboard */,
				84675A6B1941D24E00932E4F /* 4.0.storyboard */,
				849A3AF31A32F65600D4146D /* 4.7.storyboard */,
				849A3AF51A32F99200D4146D /* 5.5.storyboard */,
				84675AA21941DE6000932E4F /* TitleViewController.h */,
				84675AA31941DE6000932E4F /* TitleViewController.m */,
				84BD8BE0195D78E300C3902E /* WhatViewController.h */,
				84BD8BE1195D78E300C3902E /* WhatViewController.m */,
				84BD8BE3195D78F200C3902E /* GameViewController.h */,
				84BD8BE4195D78F200C3902E /* GameViewController.m */,
				84DC30D319DEB70D00AE90E0 /* WinViewController.h */,
				84DC30D419DEB70D00AE90E0 /* WinViewController.m */,
				84DC30D019DEB70300AE90E0 /* LoseViewController.h */,
				84DC30D119DEB70300AE90E0 /* LoseViewController.m */,
				84675A711941D24F00932E4F /* Images.xcassets */,
				84675A601941D24E00932E4F /* Supporting Files */,
			);
			path = TapTheBird;
			sourceTree = "<group>";
		};
		84675A601941D24E00932E4F /* Supporting Files */ = {
			isa = PBXGroup;
			children = (
				84675A611941D24E00932E4F /* Tap The Bird-Info.plist */,
				84675A621941D24E00932E4F /* InfoPlist.strings */,
				84675A651941D24E00932E4F /* main.m */,
				84675A671941D24E00932E4F /* Tap The Bird-Prefix.pch */,
			);
			name = "Supporting Files";
			sourceTree = "<group>";
		};
		84675A7E1941D24F00932E4F /* TapTheBirdTests */ = {
			isa = PBXGroup;
			children = (
				84675A841941D24F00932E4F /* TapTheBirdTests.m */,
				84675A7F1941D24F00932E4F /* Supporting Files */,
			);
			path = TapTheBirdTests;
			sourceTree = "<group>";
		};
		84675A7F1941D24F00932E4F /* Supporting Files */ = {
			isa = PBXGroup;
			children = (
				84675A801941D24F00932E4F /* Tap The BirdTests-Info.plist */,
				84675A811941D24F00932E4F /* InfoPlist.strings */,
			);
			name = "Supporting Files";
			sourceTree = "<group>";
		};
		8489E01F19E7F6E20001FA14 /* Files */ = {
			isa = PBXGroup;
			children = (
				84CCC90F1A233D5F00CBEBC7 /* Facebook.png */,
				84CCC90D1A233D5800CBEBC7 /* Twitter.png */,
				8489E02019E7F6E20001FA14 /* B1.png */,
				8489E02119E7F6E20001FA14 /* B2.png */,
				8489E02219E7F6E20001FA14 /* B3.png */,
				8489E02319E7F6E20001FA14 /* B4.png */,
				8489E02419E7F6E20001FA14 /* B5.png */,
				8489E02519E7F6E20001FA14 /* bg.jpg */,
				8489E02619E7F6E20001FA14 /* BIRD.png */,
				8489E02719E7F6E20001FA14 /* RED BUTTON.png */,
				8489E02819E7F6E20001FA14 /* TAP THE.png */,
			);
			path = Files;
			sourceTree = "<group>";
		};
/* End PBXGroup section */

/* Begin PBXNativeTarget section */
		84675A551941D24E00932E4F /* Tap The Bird */ = {
			isa = PBXNativeTarget;
			buildConfigurationList = 84675A881941D24F00932E4F /* Build configuration list for PBXNativeTarget "Tap The Bird" */;
			buildPhases = (
				84675A521941D24E00932E4F /* Sources */,
				84675A531941D24E00932E4F /* Frameworks */,
				84675A541941D24E00932E4F /* Resources */,
			);
			buildRules = (
			);
			dependencies = (
			);
			name = "Tap The Bird";
			productName = TapTheBird;
			productReference = 84675A561941D24E00932E4F /* Tap The Bird.app */;
			productType = "com.apple.product-type.application";
		};
		84675A761941D24F00932E4F /* Tap The BirdTests */ = {
			isa = PBXNativeTarget;
			buildConfigurationList = 84675A8B1941D24F00932E4F /* Build configuration list for PBXNativeTarget "Tap The BirdTests" */;
			buildPhases = (
				84675A731941D24F00932E4F /* Sources */,
				84675A741941D24F00932E4F /* Frameworks */,
				84675A751941D24F00932E4F /* Resources */,
			);
			buildRules = (
			);
			dependencies = (
				84675A7D1941D24F00932E4F /* PBXTargetDependency */,
			);
			name = "Tap The BirdTests";
			productName = TapTheBirdTests;
			productReference = 84675A771941D24F00932E4F /* Tap The BirdTests.xctest */;
			productType = "com.apple.product-type.bundle.unit-test";
		};
/* End PBXNativeTarget section */

/* Begin PBXProject section */
		84675A4E1941D24E00932E4F /* Project object */ = {
			isa = PBXProject;
			attributes = {
				LastUpgradeCheck = 0510;
				ORGANIZATIONNAME = OneMCGuy;
				TargetAttributes = {
					84675A551941D24E00932E4F = {
						SystemCapabilities = {
							com.apple.BackgroundModes = {
								enabled = 0;
							};
						};
					};
					84675A761941D24F00932E4F = {
						TestTargetID = 84675A551941D24E00932E4F;
					};
				};
			};
			buildConfigurationList = 84675A511941D24E00932E4F /* Build configuration list for PBXProject "Tap The Bird" */;
			compatibilityVersion = "Xcode 3.2";
			developmentRegion = English;
			hasScannedForEncodings = 0;
			knownRegions = (
				en,
				Base,
			);
			mainGroup = 84675A4D1941D24E00932E4F;
			productRefGroup = 84675A571941D24E00932E4F /* Products */;
			projectDirPath = "";
			projectRoot = "";
			targets = (
				84675A551941D24E00932E4F /* Tap The Bird */,
				84675A761941D24F00932E4F /* Tap The BirdTests */,
			);
		};
/* End PBXProject section */

/* Begin PBXResourcesBuildPhase section */
		84675A541941D24E00932E4F /* Resources */ = {
			isa = PBXResourcesBuildPhase;
			buildActionMask = 2147483647;
			files = (
				8489E03119E7F6E20001FA14 /* TAP THE.png in Resources */,
				8489E03019E7F6E20001FA14 /* RED BUTTON.png in Resources */,
				8489E02D19E7F6E20001FA14 /* B5.png in Resources */,
				849A3AF21A32EFF700D4146D /* 3.5.storyboard in Resources */,
				849A3AF61A32F99200D4146D /* 5.5.storyboard in Resources */,
				8489E02E19E7F6E20001FA14 /* bg.jpg in Resources */,
				8489E02F19E7F6E20001FA14 /* BIRD.png in Resources */,
				8489E02C19E7F6E20001FA14 /* B4.png in Resources */,
				84CCC90E1A233D5800CBEBC7 /* Twitter.png in Resources */,
				8489E02A19E7F6E20001FA14 /* B2.png in Resources */,
				8489E02919E7F6E20001FA14 /* B1.png in Resources */,
				84CCC9101A233D5F00CBEBC7 /* Facebook.png in Resources */,
				84675A721941D24F00932E4F /* Images.xcassets in Resources */,
				84675A641941D24E00932E4F /* InfoPlist.strings in Resources */,
				8489E02B19E7F6E20001FA14 /* B3.png in Resources */,
				849A3AF41A32F65600D4146D /* 4.7.storyboard in Resources */,
				84675A6D1941D24E00932E4F /* 4.0.storyboard in Resources */,
			);
			runOnlyForDeploymentPostprocessing = 0;
		};
		84675A751941D24F00932E4F /* Resources */ = {
			isa = PBXResourcesBuildPhase;
			buildActionMask = 2147483647;
			files = (
				84675A831941D24F00932E4F /* InfoPlist.strings in Resources */,
			);
			runOnlyForDeploymentPostprocessing = 0;
		};
/* End PBXResourcesBuildPhase section */

/* Begin PBXSourcesBuildPhase section */
		84675A521941D24E00932E4F /* Sources */ = {
			isa = PBXSourcesBuildPhase;
			buildActionMask = 2147483647;
			files = (
				84BD8BE5195D78F200C3902E /* GameViewController.m in Sources */,
				84DC30D519DEB70D00AE90E0 /* WinViewController.m in Sources */,
				84DC30D219DEB70300AE90E0 /* LoseViewController.m in Sources */,
				84675AA41941DE6000932E4F /* TitleViewController.m in Sources */,
				84675A6A1941D24E00932E4F /* AppDelegate.m in Sources */,
				84BD8BE2195D78E300C3902E /* WhatViewController.m in Sources */,
				84675A661941D24E00932E4F /* main.m in Sources */,
			);
			runOnlyForDeploymentPostprocessing = 0;
		};
		84675A731941D24F00932E4F /* Sources */ = {
			isa = PBXSourcesBuildPhase;
			buildActionMask = 2147483647;
			files = (
				84675A851941D24F00932E4F /* TapTheBirdTests.m in Sources */,
			);
			runOnlyForDeploymentPostprocessing = 0;
		};
/* End PBXSourcesBuildPhase section */

/* Begin PBXTargetDependency section */
		84675A7D1941D24F00932E4F /* PBXTargetDependency */ = {
			isa = PBXTargetDependency;
			target = 84675A551941D24E00932E4F /* Tap The Bird */;
			targetProxy = 84675A7C1941D24F00932E4F /* PBXContainerItemProxy */;
		};
/* End PBXTargetDependency section */

/* Begin PBXVariantGroup section */
		84675A621941D24E00932E4F /* InfoPlist.strings */ = {
			isa = PBXVariantGroup;
			children = (
				84675A631941D24E00932E4F /* en */,
			);
			name = InfoPlist.strings;
			sourceTree = "<group>";
		};
		84675A6B1941D24E00932E4F /* 4.0.storyboard */ = {
			isa = PBXVariantGroup;
			children = (
				84675A6C1941D24E00932E4F /* Base */,
			);
			name = 4.0.storyboard;
			sourceTree = "<group>";
		};
		84675A811941D24F00932E4F /* InfoPlist.strings */ = {
			isa = PBXVariantGroup;
			children = (
				84675A821941D24F00932E4F /* en */,
			);
			name = InfoPlist.strings;
			sourceTree = "<group>";
		};
/* End PBXVariantGroup section */

/* Begin XCBuildConfiguration section */
		84675A861941D24F00932E4F /* Debug */ = {
			isa = XCBuildConfiguration;
			buildSettings = {
				ALWAYS_SEARCH_USER_PATHS = NO;
				CLANG_CXX_LANGUAGE_STANDARD = "gnu++0x";
				CLANG_CXX_LIBRARY = "libc++";
				CLANG_ENABLE_MODULES = YES;
				CLANG_ENABLE_OBJC_ARC = YES;
				CLANG_WARN_BOOL_CONVERSION = YES;
				CLANG_WARN_CONSTANT_CONVERSION = YES;
				CLANG_WARN_DIRECT_OBJC_ISA_USAGE = YES_ERROR;
				CLANG_WARN_EMPTY_BODY = YES;
				CLANG_WARN_ENUM_CONVERSION = YES;
				CLANG_WARN_INT_CONVERSION = YES;
				CLANG_WARN_OBJC_ROOT_CLASS = YES_ERROR;
				CLANG_WARN__DUPLICATE_METHOD_MATCH = YES;
				"CODE_SIGN_IDENTITY[sdk=iphoneos*]" = "iPhone Developer";
				COPY_PHASE_STRIP = NO;
				GCC_C_LANGUAGE_STANDARD = gnu99;
				GCC_DYNAMIC_NO_PIC = NO;
				GCC_OPTIMIZATION_LEVEL = 0;
				GCC_PREPROCESSOR_DEFINITIONS = (
					"DEBUG=1",
					"$(inherited)",
				);
				GCC_SYMBOLS_PRIVATE_EXTERN = NO;
				GCC_WARN_64_TO_32_BIT_CONVERSION = YES;
				GCC_WARN_ABOUT_RETURN_TYPE = YES_ERROR;
				GCC_WARN_UNDECLARED_SELECTOR = YES;
				GCC_WARN_UNINITIALIZED_AUTOS = YES_AGGRESSIVE;
				GCC_WARN_UNUSED_FUNCTION = YES;
				GCC_WARN_UNUSED_VARIABLE = YES;
				IPHONEOS_DEPLOYMENT_TARGET = 7.1;
				ONLY_ACTIVE_ARCH = YES;
				SDKROOT = iphoneos;
			};
			name = Debug;
		};
		84675A871941D24F00932E4F /* Release */ = {
			isa = XCBuildConfiguration;
			buildSettings = {
				ALWAYS_SEARCH_USER_PATHS = NO;
				CLANG_CXX_LANGUAGE_STANDARD = "gnu++0x";
				CLANG_CXX_LIBRARY = "libc++";
				CLANG_ENABLE_MODULES = YES;
				CLANG_ENABLE_OBJC_ARC = YES;
				CLANG_WARN_BOOL_CONVERSION = YES;
				CLANG_WARN_CONSTANT_CONVERSION = YES;
				CLANG_WARN_DIRECT_OBJC_ISA_USAGE = YES_ERROR;
				CLANG_WARN_EMPTY_BODY = YES;
				CLANG_WARN_ENUM_CONVERSION = YES;
				CLANG_WARN_INT_CONVERSION = YES;
				CLANG_WARN_OBJC_ROOT_CLASS = YES_ERROR;
				CLANG_WARN__DUPLICATE_METHOD_MATCH = YES;
				"CODE_SIGN_IDENTITY[sdk=iphoneos*]" = "iPhone Developer";
				COPY_PHASE_STRIP = YES;
				ENABLE_NS_ASSERTIONS = NO;
				GCC_C_LANGUAGE_STANDARD = gnu99;
				GCC_WARN_64_TO_32_BIT_CONVERSION = YES;
				GCC_WARN_ABOUT_RETURN_TYPE = YES_ERROR;
				GCC_WARN_UNDECLARED_SELECTOR = YES;
				GCC_WARN_UNINITIALIZED_AUTOS = YES_AGGRESSIVE;
				GCC_WARN_UNUSED_FUNCTION = YES;
				GCC_WARN_UNUSED_VARIABLE = YES;
				IPHONEOS_DEPLOYMENT_TARGET = 7.1;
				SDKROOT = iphoneos;
				VALIDATE_PRODUCT = YES;
			};
			name = Release;
		};
		84675A891941D24F00932E4F /* Debug */ = {
			isa = XCBuildConfiguration;
			buildSettings = {
				ASSETCATALOG_COMPILER_APPICON_NAME = AppIcon;
				ASSETCATALOG_COMPILER_LAUNCHIMAGE_NAME = LaunchImage;
				CODE_SIGN_IDENTITY = "iPhone Developer";
				GCC_PRECOMPILE_PREFIX_HEADER = YES;
				GCC_PREFIX_HEADER = "TapTheBird/Tap The Bird-Prefix.pch";
				INFOPLIST_FILE = "TapTheBird/Tap The Bird-Info.plist";
				IPHONEOS_DEPLOYMENT_TARGET = 5.0;
				LIBRARY_SEARCH_PATHS = (
					"$(inherited)",
					"$(PROJECT_DIR)/TapTheBird",
				);
				PRODUCT_NAME = "Tap The Bird";
				TARGETED_DEVICE_FAMILY = 1;
				WRAPPER_EXTENSION = app;
			};
			name = Debug;
		};
		84675A8A1941D24F00932E4F /* Release */ = {
			isa = XCBuildConfiguration;
			buildSettings = {
				ASSETCATALOG_COMPILER_APPICON_NAME = AppIcon;
				ASSETCATALOG_COMPILER_LAUNCHIMAGE_NAME = LaunchImage;
				CODE_SIGN_IDENTITY = "iPhone Developer";
				GCC_PRECOMPILE_PREFIX_HEADER = YES;
				GCC_PREFIX_HEADER = "TapTheBird/Tap The Bird-Prefix.pch";
				INFOPLIST_FILE = "TapTheBird/Tap The Bird-Info.plist";
				IPHONEOS_DEPLOYMENT_TARGET = 5.0;
				LIBRARY_SEARCH_PATHS = (
					"$(inherited)",
					"$(PROJECT_DIR)/TapTheBird",
				);
				PRODUCT_NAME = "Tap The Bird";
				TARGETED_DEVICE_FAMILY = 1;
				WRAPPER_EXTENSION = app;
			};
			name = Release;
		};
		84675A8C1941D24F00932E4F /* Debug */ = {
			isa = XCBuildConfiguration;
			buildSettings = {
				BUNDLE_LOADER = "$(BUILT_PRODUCTS_DIR)/TapTheBird.app/TapTheBird";
				FRAMEWORK_SEARCH_PATHS = (
					"$(SDKROOT)/Developer/Library/Frameworks",
					"$(inherited)",
					"$(DEVELOPER_FRAMEWORKS_DIR)",
				);
				GCC_PRECOMPILE_PREFIX_HEADER = YES;
				GCC_PREFIX_HEADER = "TapTheBird/TapTheBird-Prefix.pch";
				GCC_PREPROCESSOR_DEFINITIONS = (
					"DEBUG=1",
					"$(inherited)",
				);
				INFOPLIST_FILE = "TapTheBirdTests/Tap The BirdTests-Info.plist";
				PRODUCT_NAME = "Tap The BirdTests";
				TEST_HOST = "$(BUNDLE_LOADER)";
				WRAPPER_EXTENSION = xctest;
			};
			name = Debug;
		};
		84675A8D1941D24F00932E4F /* Release */ = {
			isa = XCBuildConfiguration;
			buildSettings = {
				BUNDLE_LOADER = "$(BUILT_PRODUCTS_DIR)/TapTheBird.app/TapTheBird";
				FRAMEWORK_SEARCH_PATHS = (
					"$(SDKROOT)/Developer/Library/Frameworks",
					"$(inherited)",
					"$(DEVELOPER_FRAMEWORKS_DIR)",
				);
				GCC_PRECOMPILE_PREFIX_HEADER = YES;
				GCC_PREFIX_HEADER = "TapTheBird/TapTheBird-Prefix.pch";
				INFOPLIST_FILE = "TapTheBirdTests/Tap The BirdTests-Info.plist";
				PRODUCT_NAME = "Tap The BirdTests";
				TEST_HOST = "$(BUNDLE_LOADER)";
				WRAPPER_EXTENSION = xctest;
			};
			name = Release;
		};
/* End XCBuildConfiguration section */

/* Begin XCConfigurationList section */
		84675A511941D24E00932E4F /* Build configuration list for PBXProject "Tap The Bird" */ = {
			isa = XCConfigurationList;
			buildConfigurations = (
				84675A861941D24F00932E4F /* Debug */,
				84675A871941D24F00932E4F /* Release */,
			);
			defaultConfigurationIsVisible = 0;
			defaultConfigurationName = Release;
		};
		84675A881941D24F00932E4F /* Build configuration list for PBXNativeTarget "Tap The Bird" */ = {
			isa = XCConfigurationList;
			buildConfigurations = (
				84675A891941D24F00932E4F /* Debug */,
				84675A8A1941D24F00932E4F /* Release */,
			);
			defaultConfigurationIsVisible = 0;
			defaultConfigurationName = Release;
		};
		84675A8B1941D24F00932E4F /* Build configuration list for PBXNativeTarget "Tap The BirdTests" */ = {
			isa = XCConfigurationList;
			buildConfigurations = (
				84675A8C1941D24F00932E4F /* Debug */,
				84675A8D1941D24F00932E4F /* Release */,
			);
			defaultConfigurationIsVisible = 0;
			defaultConfigurationName = Release;
		};
/* End XCConfigurationList section */
	};
	rootObject = 84675A4E1941D24E00932E4F /* Project object */;
}
